{
  "name": "ubykh-transliteration",
  "version": "1.0.0",
  "lockfileVersion": 2,
  "requires": true,
  "packages": {
    "": {
      "version": "1.0.0",
      "license": "ISC",
      "dependencies": {
        "@digitallinguistics/transliterate": "^0.2.2"
      }
    },
    "node_modules/@digitallinguistics/transliterate": {
      "version": "0.2.2",
      "resolved": "https://registry.npmjs.org/@digitallinguistics/transliterate/-/transliterate-0.2.2.tgz",
      "integrity": "sha512-87mSjfN4/uf3V03/rHCwI7sADeUvQM0LnGH1N+ixHhrS4sHdomcHYx5CgZF40GfOfmpMsTRPiYX8DhPeaQL4VA==",
      "engines": {
        "node": "14.x"
      }
    }
  },
  "dependencies": {
    "@digitallinguistics/transliterate": {
      "version": "0.2.2",
      "resolved": "https://registry.npmjs.org/@digitallinguistics/transliterate/-/transliterate-0.2.2.tgz",
      "integrity": "sha512-87mSjfN4/uf3V03/rHCwI7sADeUvQM0LnGH1N+ixHhrS4sHdomcHYx5CgZF40GfOfmpMsTRPiYX8DhPeaQL4VA=="
    }
  }
}
